
Microsoft Visual Studio Solution File, Format Version 12.00
# Visual Studio Version 17
VisualStudioVersion = 17.7.34202.233
MinimumVisualStudioVersion = 10.0.40219.1
Project("{9A19103F-16F7-4668-BE54-9A1E7A4F7556}") = "EntityLayer", "EntityLayer\EntityLayer.csproj", "{36ECFEB5-FDEF-4557-A614-2BA7C09A79DA}"
EndProject
Project("{9A19103F-16F7-4668-BE54-9A1E7A4F7556}") = "DataAccessLayer", "DataAccessLayer\DataAccessLayer.csproj", "{CAF171AF-4039-4779-845E-AD5085FC7CDA}"
EndProject
Project("{9A19103F-16F7-4668-BE54-9A1E7A4F7556}") = "BusinessLayer", "BusinessLayer\BusinessLayer.csproj", "{2EC43CA2-C2D2-4F33-937C-1E63429D281B}"
EndProject
Project("{9A19103F-16F7-4668-BE54-9A1E7A4F7556}") = "DTOLayer", "DTOLayer\DTOLayer.csproj", "{4FA87220-B2D3-40FF-AB17-9A40C10523B9}"
EndProject
Project("{9A19103F-16F7-4668-BE54-9A1E7A4F7556}") = "PresentationLayer", "PresentationLayer\PresentationLayer.csproj", "{981AB679-0B76-432A-99CC-01B9225CC8BA}"
EndProject
Global
	GlobalSection(SolutionConfigurationPlatforms) = preSolution
		Debug|Any CPU = Debug|Any CPU
		Release|Any CPU = Release|Any CPU
	EndGlobalSection
	GlobalSection(ProjectConfigurationPlatforms) = postSolution
		{36ECFEB5-FDEF-4557-A614-2BA7C09A79DA}.Debug|Any CPU.ActiveCfg = Debug|Any CPU
		{36ECFEB5-FDEF-4557-A614-2BA7C09A79DA}.Debug|Any CPU.Build.0 = Debug|Any CPU
		{36ECFEB5-FDEF-4557-A614-2BA7C09A79DA}.Release|Any CPU.ActiveCfg = Release|Any CPU
		{36ECFEB5-FDEF-4557-A614-2BA7C09A79DA}.Release|Any CPU.Build.0 = Release|Any CPU
		{CAF171AF-4039-4779-845E-AD5085FC7CDA}.Debug|Any CPU.ActiveCfg = Debug|Any CPU
		{CAF171AF-4039-4779-845E-AD5085FC7CDA}.Debug|Any CPU.Build.0 = Debug|Any CPU
		{CAF171AF-4039-4779-845E-AD5085FC7CDA}.Release|Any CPU.ActiveCfg = Release|Any CPU
		{CAF171AF-4039-4779-845E-AD5085FC7CDA}.Release|Any CPU.Build.0 = Release|Any CPU
		{2EC43CA2-C2D2-4F33-937C-1E63429D281B}.Debug|Any CPU.ActiveCfg = Debug|Any CPU
		{2EC43CA2-C2D2-4F33-937C-1E63429D281B}.Debug|Any CPU.Build.0 = Debug|Any CPU
		{2EC43CA2-C2D2-4F33-937C-1E63429D281B}.Release|Any CPU.ActiveCfg = Release|Any CPU
		{2EC43CA2-C2D2-4F33-937C-1E63429D281B}.Release|Any CPU.Build.0 = Release|Any CPU
		{4FA87220-B2D3-40FF-AB17-9A40C10523B9}.Debug|Any CPU.ActiveCfg = Debug|Any CPU
		{4FA87220-B2D3-40FF-AB17-9A40C10523B9}.Debug|Any CPU.Build.0 = Debug|Any CPU
		{4FA87220-B2D3-40FF-AB17-9A40C10523B9}.Release|Any CPU.ActiveCfg = Release|Any CPU
		{4FA87220-B2D3-40FF-AB17-9A40C10523B9}.Release|Any CPU.Build.0 = Release|Any CPU
		{981AB679-0B76-432A-99CC-01B9225CC8BA}.Debug|Any CPU.ActiveCfg = Debug|Any CPU
		{981AB679-0B76-432A-99CC-01B9225CC8BA}.Debug|Any CPU.Build.0 = Debug|Any CPU
		{981AB679-0B76-432A-99CC-01B9225CC8BA}.Release|Any CPU.ActiveCfg = Release|Any CPU
		{981AB679-0B76-432A-99CC-01B9225CC8BA}.Release|Any CPU.Build.0 = Release|Any CPU
	EndGlobalSection
	GlobalSection(SolutionProperties) = preSolution
		HideSolutionNode = FALSE
	EndGlobalSection
	GlobalSection(ExtensibilityGlobals) = postSolution
		SolutionGuid = {D9686CF3-C501-4E02-8B6D-B9C7C72A01F0}
	EndGlobalSection
EndGlobal
